
Microsoft Visual Studio Solution File, Format Version 12.00
# Visual Studio Version 17
VisualStudioVersion = 17.2.32630.192
MinimumVisualStudioVersion = 10.0.40219.1
Project("{9A19103F-16F7-4668-BE54-9A1E7A4F7556}") = "StocksAPI", "StocksAPI\StocksAPI.csproj", "{4A40C44E-8F9B-46B8-8C27-7DB2962F71FD}"
	ProjectSection(ProjectDependencies) = postProject
		{EE396768-01B8-486F-9EC3-7918F2CEE2F5} = {EE396768-01B8-486F-9EC3-7918F2CEE2F5}
	EndProjectSection
EndProject
Project("{9A19103F-16F7-4668-BE54-9A1E7A4F7556}") = "StocksAPI.Tests", "StocksAPI.Tests\StocksAPI.Tests.csproj", "{EECB00FD-8D49-4563-9BFB-EAE14297900F}"
	ProjectSection(ProjectDependencies) = postProject
		{4A40C44E-8F9B-46B8-8C27-7DB2962F71FD} = {4A40C44E-8F9B-46B8-8C27-7DB2962F71FD}
	EndProjectSection
EndProject
Project("{9A19103F-16F7-4668-BE54-9A1E7A4F7556}") = "DataAccess", "DataAccess\DataAccess.csproj", "{EE396768-01B8-486F-9EC3-7918F2CEE2F5}"
EndProject
Project("{2150E333-8FDC-42A3-9474-1A3956D46DE8}") = "Tests", "Tests", "{8E0E7F22-D645-423A-A1C2-064E285F4968}"
EndProject
Project("{2150E333-8FDC-42A3-9474-1A3956D46DE8}") = "Services", "Services", "{D695AEB3-0BC1-43E5-B7DD-8407E9346394}"
EndProject
Project("{2150E333-8FDC-42A3-9474-1A3956D46DE8}") = "Shared", "Shared", "{51F5E787-EA39-4BC7-9FA5-8B7F5C888760}"
EndProject
Project("{9A19103F-16F7-4668-BE54-9A1E7A4F7556}") = "Market", "Market\Market.csproj", "{361D519E-66A3-4A10-8F90-AFEFFABD4C6C}"
EndProject
Project("{9A19103F-16F7-4668-BE54-9A1E7A4F7556}") = "Data", "Data\Data.csproj", "{C090C190-945B-49FA-8F24-A158D7B9870D}"
EndProject
Project("{9A19103F-16F7-4668-BE54-9A1E7A4F7556}") = "MonitoringTools", "MonitoringTools\MonitoringTools.csproj", "{FEDF48DC-6179-4BDC-81EA-E7E9CB71AC93}"
EndProject
Project("{9A19103F-16F7-4668-BE54-9A1E7A4F7556}") = "MonitoringTools.Tests", "MonitoringTools.Tests\MonitoringTools.Tests.csproj", "{919B636D-AAE0-4A09-ADAA-B7FBC47995CD}"
	ProjectSection(ProjectDependencies) = postProject
		{FEDF48DC-6179-4BDC-81EA-E7E9CB71AC93} = {FEDF48DC-6179-4BDC-81EA-E7E9CB71AC93}
	EndProjectSection
EndProject
Project("{9A19103F-16F7-4668-BE54-9A1E7A4F7556}") = "DataAccess.Tests", "DataAccess.Tests\DataAccess.Tests.csproj", "{C4C43889-597F-4DC9-8E0F-A2EFD9688CC5}"
EndProject
Project("{9A19103F-16F7-4668-BE54-9A1E7A4F7556}") = "Market.Tests", "Market.Tests\Market.Tests.csproj", "{A95B11E2-F98A-4EBF-AE0F-BCC5280A910F}"
EndProject
Project("{2150E333-8FDC-42A3-9474-1A3956D46DE8}") = "Solution Items", "Solution Items", "{82982D68-D1A0-4E7B-90A5-1B0E01116F44}"
	ProjectSection(SolutionItems) = preProject
		.editorconfig = .editorconfig
	EndProjectSection
EndProject
Global
	GlobalSection(SolutionConfigurationPlatforms) = preSolution
		Debug|Any CPU = Debug|Any CPU
		Release|Any CPU = Release|Any CPU
	EndGlobalSection
	GlobalSection(ProjectConfigurationPlatforms) = postSolution
		{4A40C44E-8F9B-46B8-8C27-7DB2962F71FD}.Debug|Any CPU.ActiveCfg = Debug|Any CPU
		{4A40C44E-8F9B-46B8-8C27-7DB2962F71FD}.Debug|Any CPU.Build.0 = Debug|Any CPU
		{4A40C44E-8F9B-46B8-8C27-7DB2962F71FD}.Release|Any CPU.ActiveCfg = Release|Any CPU
		{4A40C44E-8F9B-46B8-8C27-7DB2962F71FD}.Release|Any CPU.Build.0 = Release|Any CPU
		{EECB00FD-8D49-4563-9BFB-EAE14297900F}.Debug|Any CPU.ActiveCfg = Debug|Any CPU
		{EECB00FD-8D49-4563-9BFB-EAE14297900F}.Debug|Any CPU.Build.0 = Debug|Any CPU
		{EECB00FD-8D49-4563-9BFB-EAE14297900F}.Release|Any CPU.ActiveCfg = Release|Any CPU
		{EECB00FD-8D49-4563-9BFB-EAE14297900F}.Release|Any CPU.Build.0 = Release|Any CPU
		{EE396768-01B8-486F-9EC3-7918F2CEE2F5}.Debug|Any CPU.ActiveCfg = Debug|Any CPU
		{EE396768-01B8-486F-9EC3-7918F2CEE2F5}.Debug|Any CPU.Build.0 = Debug|Any CPU
		{EE396768-01B8-486F-9EC3-7918F2CEE2F5}.Release|Any CPU.ActiveCfg = Release|Any CPU
		{EE396768-01B8-486F-9EC3-7918F2CEE2F5}.Release|Any CPU.Build.0 = Release|Any CPU
		{361D519E-66A3-4A10-8F90-AFEFFABD4C6C}.Debug|Any CPU.ActiveCfg = Debug|Any CPU
		{361D519E-66A3-4A10-8F90-AFEFFABD4C6C}.Debug|Any CPU.Build.0 = Debug|Any CPU
		{361D519E-66A3-4A10-8F90-AFEFFABD4C6C}.Release|Any CPU.ActiveCfg = Release|Any CPU
		{361D519E-66A3-4A10-8F90-AFEFFABD4C6C}.Release|Any CPU.Build.0 = Release|Any CPU
		{C090C190-945B-49FA-8F24-A158D7B9870D}.Debug|Any CPU.ActiveCfg = Debug|Any CPU
		{C090C190-945B-49FA-8F24-A158D7B9870D}.Debug|Any CPU.Build.0 = Debug|Any CPU
		{C090C190-945B-49FA-8F24-A158D7B9870D}.Release|Any CPU.ActiveCfg = Release|Any CPU
		{C090C190-945B-49FA-8F24-A158D7B9870D}.Release|Any CPU.Build.0 = Release|Any CPU
		{FEDF48DC-6179-4BDC-81EA-E7E9CB71AC93}.Debug|Any CPU.ActiveCfg = Debug|Any CPU
		{FEDF48DC-6179-4BDC-81EA-E7E9CB71AC93}.Debug|Any CPU.Build.0 = Debug|Any CPU
		{FEDF48DC-6179-4BDC-81EA-E7E9CB71AC93}.Release|Any CPU.ActiveCfg = Release|Any CPU
		{FEDF48DC-6179-4BDC-81EA-E7E9CB71AC93}.Release|Any CPU.Build.0 = Release|Any CPU
		{919B636D-AAE0-4A09-ADAA-B7FBC47995CD}.Debug|Any CPU.ActiveCfg = Debug|Any CPU
		{919B636D-AAE0-4A09-ADAA-B7FBC47995CD}.Debug|Any CPU.Build.0 = Debug|Any CPU
		{919B636D-AAE0-4A09-ADAA-B7FBC47995CD}.Release|Any CPU.ActiveCfg = Release|Any CPU
		{919B636D-AAE0-4A09-ADAA-B7FBC47995CD}.Release|Any CPU.Build.0 = Release|Any CPU
		{C4C43889-597F-4DC9-8E0F-A2EFD9688CC5}.Debug|Any CPU.ActiveCfg = Debug|Any CPU
		{C4C43889-597F-4DC9-8E0F-A2EFD9688CC5}.Debug|Any CPU.Build.0 = Debug|Any CPU
		{C4C43889-597F-4DC9-8E0F-A2EFD9688CC5}.Release|Any CPU.ActiveCfg = Release|Any CPU
		{C4C43889-597F-4DC9-8E0F-A2EFD9688CC5}.Release|Any CPU.Build.0 = Release|Any CPU
		{A95B11E2-F98A-4EBF-AE0F-BCC5280A910F}.Debug|Any CPU.ActiveCfg = Debug|Any CPU
		{A95B11E2-F98A-4EBF-AE0F-BCC5280A910F}.Debug|Any CPU.Build.0 = Debug|Any CPU
		{A95B11E2-F98A-4EBF-AE0F-BCC5280A910F}.Release|Any CPU.ActiveCfg = Release|Any CPU
		{A95B11E2-F98A-4EBF-AE0F-BCC5280A910F}.Release|Any CPU.Build.0 = Release|Any CPU
	EndGlobalSection
	GlobalSection(SolutionProperties) = preSolution
		HideSolutionNode = FALSE
	EndGlobalSection
	GlobalSection(NestedProjects) = preSolution
		{4A40C44E-8F9B-46B8-8C27-7DB2962F71FD} = {D695AEB3-0BC1-43E5-B7DD-8407E9346394}
		{EECB00FD-8D49-4563-9BFB-EAE14297900F} = {8E0E7F22-D645-423A-A1C2-064E285F4968}
		{EE396768-01B8-486F-9EC3-7918F2CEE2F5} = {51F5E787-EA39-4BC7-9FA5-8B7F5C888760}
		{361D519E-66A3-4A10-8F90-AFEFFABD4C6C} = {D695AEB3-0BC1-43E5-B7DD-8407E9346394}
		{C090C190-945B-49FA-8F24-A158D7B9870D} = {51F5E787-EA39-4BC7-9FA5-8B7F5C888760}
		{FEDF48DC-6179-4BDC-81EA-E7E9CB71AC93} = {51F5E787-EA39-4BC7-9FA5-8B7F5C888760}
		{919B636D-AAE0-4A09-ADAA-B7FBC47995CD} = {8E0E7F22-D645-423A-A1C2-064E285F4968}
		{C4C43889-597F-4DC9-8E0F-A2EFD9688CC5} = {8E0E7F22-D645-423A-A1C2-064E285F4968}
		{A95B11E2-F98A-4EBF-AE0F-BCC5280A910F} = {8E0E7F22-D645-423A-A1C2-064E285F4968}
	EndGlobalSection
	GlobalSection(ExtensibilityGlobals) = postSolution
		SolutionGuid = {FA2D4CF6-BD74-46E2-8AA1-A9ADF34F0995}
	EndGlobalSection
EndGlobal
